// !$*UTF8*$!
{
	archiveVersion = 1;
	classes = {
	};
	objectVersion = 52;
	objects = {

/* Begin PBXBuildFile section */
		0749B6F826BEE09E006336A4 /* SoundpipeAudioKit in Frameworks */ = {isa = PBXBuildFile; productRef = 0749B6F726BEE09E006336A4 /* SoundpipeAudioKit */; };
		0779C7B326B9FFB50086DA18 /* AudioKit in Frameworks */ = {isa = PBXBuildFile; productRef = 0779C7B226B9FFB50086DA18 /* AudioKit */; };
		176E7F1E25380CAF00602020 /* Colors.xcassets in Resources */ = {isa = PBXBuildFile; fileRef = 176E7F1D25380CAF00602020 /* Colors.xcassets */; };
		176E7F2C253A13AB00602020 /* SplashView.swift in Sources */ = {isa = PBXBuildFile; fileRef = 176E7F2B253A13AA00602020 /* SplashView.swift */; };
		6350E7CD27A9360200D0F510 /* setStructure.swift in Sources */ = {isa = PBXBuildFile; fileRef = 6350E7CC27A9360200D0F510 /* setStructure.swift */; };
		6356527627A85FD900C7A407 /* harmonicaView.swift in Sources */ = {isa = PBXBuildFile; fileRef = 6356527527A85FD800C7A407 /* harmonicaView.swift */; };
		6357B95727A1693800F69EC9 /* SwiftUIView.swift in Sources */ = {isa = PBXBuildFile; fileRef = 6357B95627A1693800F69EC9 /* SwiftUIView.swift */; };
		6357B95927A181DB00F69EC9 /* ButtonDefns.plist in Resources */ = {isa = PBXBuildFile; fileRef = 6357B95827A181DB00F69EC9 /* ButtonDefns.plist */; };
		6357B95C27A18B3200F69EC9 /* Notes.plist in Resources */ = {isa = PBXBuildFile; fileRef = 6357B95B27A18B3200F69EC9 /* Notes.plist */; };
		63EC0336279F370600B502CB /* SceneDelegate.swift in Sources */ = {isa = PBXBuildFile; fileRef = 63EC0335279F370600B502CB /* SceneDelegate.swift */; };
		63F66AE427B41CFD0034BA6D /* SwiftUIView2.swift in Sources */ = {isa = PBXBuildFile; fileRef = 63F66AE327B41CFD0034BA6D /* SwiftUIView2.swift */; };
		C42F77B2258F291B000270CD /* AudioKitUI in Frameworks */ = {isa = PBXBuildFile; productRef = C42F77B1258F291B000270CD /* AudioKitUI */; };
		C446DE482528D8E600138D0A /* AppDelegate.swift in Sources */ = {isa = PBXBuildFile; fileRef = C446DE472528D8E600138D0A /* AppDelegate.swift */; };
		C446DE4C2528D8E600138D0A /* ContentView.swift in Sources */ = {isa = PBXBuildFile; fileRef = C446DE4B2528D8E600138D0A /* ContentView.swift */; };
		C446DE4E2528D8E700138D0A /* Assets.xcassets in Resources */ = {isa = PBXBuildFile; fileRef = C446DE4D2528D8E700138D0A /* Assets.xcassets */; };
		C446DE542528D8E700138D0A /* LaunchScreen.storyboard in Resources */ = {isa = PBXBuildFile; fileRef = C446DE522528D8E700138D0A /* LaunchScreen.storyboard */; };
		C446DF032528D9CA00138D0A /* Tuner.swift in Sources */ = {isa = PBXBuildFile; fileRef = C446DEA12528D9CA00138D0A /* Tuner.swift */; };
		F1629F68266E121A007D2A15 /* DunneAudioKit in Frameworks */ = {isa = PBXBuildFile; productRef = F1629F67266E121A007D2A15 /* DunneAudioKit */; };
		F1A76B3C26601A5A005DD7B6 /* SporthAudioKit in Frameworks */ = {isa = PBXBuildFile; productRef = F1A76B3B26601A5A005DD7B6 /* SporthAudioKit */; };
		F1A76B4426601AD1005DD7B6 /* STKAudioKit in Frameworks */ = {isa = PBXBuildFile; productRef = F1A76B4326601AD1005DD7B6 /* STKAudioKit */; };
/* End PBXBuildFile section */

/* Begin PBXContainerItemProxy section */
		C446DE5B2528D8E800138D0A /* PBXContainerItemProxy */ = {
			isa = PBXContainerItemProxy;
			containerPortal = C446DE3C2528D8E600138D0A /* Project object */;
			proxyType = 1;
			remoteGlobalIDString = C446DE432528D8E600138D0A;
			remoteInfo = Cookbook;
		};
/* End PBXContainerItemProxy section */

/* Begin PBXFileReference section */
		176E7F1D25380CAF00602020 /* Colors.xcassets */ = {isa = PBXFileReference; lastKnownFileType = folder.assetcatalog; path = Colors.xcassets; sourceTree = "<group>"; };
		176E7F2B253A13AA00602020 /* SplashView.swift */ = {isa = PBXFileReference; lastKnownFileType = sourcecode.swift; path = SplashView.swift; sourceTree = "<group>"; };
		6350E7CC27A9360200D0F510 /* setStructure.swift */ = {isa = PBXFileReference; lastKnownFileType = sourcecode.swift; path = setStructure.swift; sourceTree = "<group>"; };
		6356527527A85FD800C7A407 /* harmonicaView.swift */ = {isa = PBXFileReference; lastKnownFileType = sourcecode.swift; path = harmonicaView.swift; sourceTree = "<group>"; };
		6357B95627A1693800F69EC9 /* SwiftUIView.swift */ = {isa = PBXFileReference; lastKnownFileType = sourcecode.swift; path = SwiftUIView.swift; sourceTree = "<group>"; };
		6357B95827A181DB00F69EC9 /* ButtonDefns.plist */ = {isa = PBXFileReference; fileEncoding = 4; lastKnownFileType = text.plist.xml; path = ButtonDefns.plist; sourceTree = "<group>"; };
		6357B95B27A18B3200F69EC9 /* Notes.plist */ = {isa = PBXFileReference; fileEncoding = 4; lastKnownFileType = text.plist.xml; name = Notes.plist; path = custom_plists/Notes.plist; sourceTree = "<group>"; };
		63EC0335279F370600B502CB /* SceneDelegate.swift */ = {isa = PBXFileReference; fileEncoding = 4; lastKnownFileType = sourcecode.swift; path = SceneDelegate.swift; sourceTree = "<group>"; };
		63F66AE327B41CFD0034BA6D /* SwiftUIView2.swift */ = {isa = PBXFileReference; lastKnownFileType = sourcecode.swift; name = SwiftUIView2.swift; path = "../../../Library/Developer/Xcode/DerivedData/HarmonicaToolkit-ddvcnhgkjcpoefcexepifexouklq/SourcePackages/checkouts/AudioKitEX/SwiftUIView2.swift"; sourceTree = "<group>"; };
		C446DE442528D8E600138D0A /* HarmonicaToolkit.app */ = {isa = PBXFileReference; explicitFileType = wrapper.application; includeInIndex = 0; path = HarmonicaToolkit.app; sourceTree = BUILT_PRODUCTS_DIR; };
		C446DE472528D8E600138D0A /* AppDelegate.swift */ = {isa = PBXFileReference; lastKnownFileType = sourcecode.swift; path = AppDelegate.swift; sourceTree = "<group>"; };
		C446DE4B2528D8E600138D0A /* ContentView.swift */ = {isa = PBXFileReference; lastKnownFileType = sourcecode.swift; path = ContentView.swift; sourceTree = "<group>"; };
		C446DE4D2528D8E700138D0A /* Assets.xcassets */ = {isa = PBXFileReference; lastKnownFileType = folder.assetcatalog; path = Assets.xcassets; sourceTree = "<group>"; };
		C446DE532528D8E700138D0A /* Base */ = {isa = PBXFileReference; lastKnownFileType = file.storyboard; name = Base; path = Base.lproj/LaunchScreen.storyboard; sourceTree = "<group>"; };
		C446DE552528D8E700138D0A /* Info.plist */ = {isa = PBXFileReference; lastKnownFileType = text.plist.xml; path = Info.plist; sourceTree = "<group>"; };
		C446DE5A2528D8E800138D0A /* HarmonicaToolkitTests.xctest */ = {isa = PBXFileReference; explicitFileType = wrapper.cfbundle; includeInIndex = 0; path = HarmonicaToolkitTests.xctest; sourceTree = BUILT_PRODUCTS_DIR; };
		C446DE602528D8E800138D0A /* Info.plist */ = {isa = PBXFileReference; lastKnownFileType = text.plist.xml; path = Info.plist; sourceTree = "<group>"; };
		C446DEA12528D9CA00138D0A /* Tuner.swift */ = {isa = PBXFileReference; fileEncoding = 4; lastKnownFileType = sourcecode.swift; path = Tuner.swift; sourceTree = "<group>"; };
		C474C9C525290C83005EEB80 /* SampleCode.xcconfig */ = {isa = PBXFileReference; fileEncoding = 4; lastKnownFileType = text.xcconfig; path = SampleCode.xcconfig; sourceTree = "<group>"; };
		C4A2F2C3253D45D4007C1032 /* HarmonicaToolkit.entitlements */ = {isa = PBXFileReference; lastKnownFileType = text.plist.entitlements; path = HarmonicaToolkit.entitlements; sourceTree = "<group>"; };
/* End PBXFileReference section */

/* Begin PBXFrameworksBuildPhase section */
		C446DE412528D8E600138D0A /* Frameworks */ = {
			isa = PBXFrameworksBuildPhase;
			buildActionMask = 2147483647;
			files = (
				0779C7B326B9FFB50086DA18 /* AudioKit in Frameworks */,
				F1A76B3C26601A5A005DD7B6 /* SporthAudioKit in Frameworks */,
				0749B6F826BEE09E006336A4 /* SoundpipeAudioKit in Frameworks */,
				F1A76B4426601AD1005DD7B6 /* STKAudioKit in Frameworks */,
				C42F77B2258F291B000270CD /* AudioKitUI in Frameworks */,
				F1629F68266E121A007D2A15 /* DunneAudioKit in Frameworks */,
			);
			runOnlyForDeploymentPostprocessing = 0;
		};
		C446DE572528D8E800138D0A /* Frameworks */ = {
			isa = PBXFrameworksBuildPhase;
			buildActionMask = 2147483647;
			files = (
			);
			runOnlyForDeploymentPostprocessing = 0;
		};
/* End PBXFrameworksBuildPhase section */

/* Begin PBXGroup section */
		C446DE3B2528D8E600138D0A = {
			isa = PBXGroup;
			children = (
				63F66AE327B41CFD0034BA6D /* SwiftUIView2.swift */,
				6356527527A85FD800C7A407 /* harmonicaView.swift */,
				C446DE462528D8E600138D0A /* Cookbook */,
				C446DE5D2528D8E800138D0A /* Tests */,
				C474C9C425290C83005EEB80 /* Configuration */,
				C446DE452528D8E600138D0A /* Products */,
				C48C17E0258F050300F1BA6B /* Frameworks */,
			);
			sourceTree = "<group>";
		};
		C446DE452528D8E600138D0A /* Products */ = {
			isa = PBXGroup;
			children = (
				C446DE442528D8E600138D0A /* HarmonicaToolkit.app */,
				C446DE5A2528D8E800138D0A /* HarmonicaToolkitTests.xctest */,
			);
			name = Products;
			sourceTree = "<group>";
		};
		C446DE462528D8E600138D0A /* Cookbook */ = {
			isa = PBXGroup;
			children = (
				6350E7CC27A9360200D0F510 /* setStructure.swift */,
				6357B95B27A18B3200F69EC9 /* Notes.plist */,
				6357B95827A181DB00F69EC9 /* ButtonDefns.plist */,
				C446DEA12528D9CA00138D0A /* Tuner.swift */,
				6357B95627A1693800F69EC9 /* SwiftUIView.swift */,
				C4A2F2C3253D45D4007C1032 /* HarmonicaToolkit.entitlements */,
				C446DE472528D8E600138D0A /* AppDelegate.swift */,
				176E7F2B253A13AA00602020 /* SplashView.swift */,
				C446DE4B2528D8E600138D0A /* ContentView.swift */,
				C446DE4D2528D8E700138D0A /* Assets.xcassets */,
				176E7F1D25380CAF00602020 /* Colors.xcassets */,
				C446DE522528D8E700138D0A /* LaunchScreen.storyboard */,
				C446DE552528D8E700138D0A /* Info.plist */,
				C446DEB02528D9CA00138D0A /* Reusable Components */,
			);
			path = Cookbook;
			sourceTree = "<group>";
		};
		C446DE5D2528D8E800138D0A /* Tests */ = {
			isa = PBXGroup;
			children = (
				C446DE602528D8E800138D0A /* Info.plist */,
			);
			path = Tests;
			sourceTree = "<group>";
		};
		C446DEB02528D9CA00138D0A /* Reusable Components */ = {
			isa = PBXGroup;
			children = (
				63EC0335279F370600B502CB /* SceneDelegate.swift */,
			);
			path = "Reusable Components";
			sourceTree = "<group>";
		};
		C474C9C425290C83005EEB80 /* Configuration */ = {
			isa = PBXGroup;
			children = (
				C474C9C525290C83005EEB80 /* SampleCode.xcconfig */,
			);
			path = Configuration;
			sourceTree = "<group>";
		};
		C48C17E0258F050300F1BA6B /* Frameworks */ = {
			isa = PBXGroup;
			children = (
			);
			name = Frameworks;
			sourceTree = "<group>";
		};
/* End PBXGroup section */

/* Begin PBXNativeTarget section */
		C446DE432528D8E600138D0A /* HarmonicaToolkit */ = {
			isa = PBXNativeTarget;
			buildConfigurationList = C446DE6E2528D8E800138D0A /* Build configuration list for PBXNativeTarget "HarmonicaToolkit" */;
			buildPhases = (
				C446DE402528D8E600138D0A /* Sources */,
				C446DE412528D8E600138D0A /* Frameworks */,
				C446DE422528D8E600138D0A /* Resources */,
			);
			buildRules = (
			);
			dependencies = (
			);
			name = HarmonicaToolkit;
			packageProductDependencies = (
				C42F77B1258F291B000270CD /* AudioKitUI */,
				F1A76B3B26601A5A005DD7B6 /* SporthAudioKit */,
				F1A76B4326601AD1005DD7B6 /* STKAudioKit */,
				F1629F67266E121A007D2A15 /* DunneAudioKit */,
				0779C7B226B9FFB50086DA18 /* AudioKit */,
				0749B6F726BEE09E006336A4 /* SoundpipeAudioKit */,
			);
			productName = Cookbook;
			productReference = C446DE442528D8E600138D0A /* HarmonicaToolkit.app */;
			productType = "com.apple.product-type.application";
		};
		C446DE592528D8E800138D0A /* HarmonicaToolkitTests */ = {
			isa = PBXNativeTarget;
			buildConfigurationList = C446DE712528D8E800138D0A /* Build configuration list for PBXNativeTarget "HarmonicaToolkitTests" */;
			buildPhases = (
				C446DE562528D8E800138D0A /* Sources */,
				C446DE572528D8E800138D0A /* Frameworks */,
				C446DE582528D8E800138D0A /* Resources */,
			);
			buildRules = (
			);
			dependencies = (
				C446DE5C2528D8E800138D0A /* PBXTargetDependency */,
			);
			name = HarmonicaToolkitTests;
			productName = CookbookTests;
			productReference = C446DE5A2528D8E800138D0A /* HarmonicaToolkitTests.xctest */;
			productType = "com.apple.product-type.bundle.unit-test";
		};
/* End PBXNativeTarget section */

/* Begin PBXProject section */
		C446DE3C2528D8E600138D0A /* Project object */ = {
			isa = PBXProject;
			attributes = {
				LastSwiftUpdateCheck = 1200;
				LastUpgradeCheck = 1230;
				TargetAttributes = {
					C446DE432528D8E600138D0A = {
						CreatedOnToolsVersion = 12.0;
					};
					C446DE592528D8E800138D0A = {
						CreatedOnToolsVersion = 12.0;
						TestTargetID = C446DE432528D8E600138D0A;
					};
				};
			};
			buildConfigurationList = C446DE3F2528D8E600138D0A /* Build configuration list for PBXProject "HarmonicaToolkit" */;
			compatibilityVersion = "Xcode 9.3";
			developmentRegion = en;
			hasScannedForEncodings = 0;
			knownRegions = (
				en,
				Base,
			);
			mainGroup = C446DE3B2528D8E600138D0A;
			packageReferences = (
				C42F77B0258F291B000270CD /* XCRemoteSwiftPackageReference "AudioKitUI" */,
				F1A76B3A26601A5A005DD7B6 /* XCRemoteSwiftPackageReference "SporthAudioKit" */,
				F1A76B4226601AD1005DD7B6 /* XCRemoteSwiftPackageReference "STKAudioKit" */,
				F1629F66266E121A007D2A15 /* XCRemoteSwiftPackageReference "DunneAudioKit" */,
				0779C7B126B9FFB50086DA18 /* XCRemoteSwiftPackageReference "AudioKit" */,
				0749B6F626BEE09E006336A4 /* XCRemoteSwiftPackageReference "SoundpipeAudioKit" */,
			);
			productRefGroup = C446DE452528D8E600138D0A /* Products */;
			projectDirPath = "";
			projectRoot = "";
			targets = (
				C446DE432528D8E600138D0A /* HarmonicaToolkit */,
				C446DE592528D8E800138D0A /* HarmonicaToolkitTests */,
			);
		};
/* End PBXProject section */

/* Begin PBXResourcesBuildPhase section */
		C446DE422528D8E600138D0A /* Resources */ = {
			isa = PBXResourcesBuildPhase;
			buildActionMask = 2147483647;
			files = (
				176E7F1E25380CAF00602020 /* Colors.xcassets in Resources */,
				6357B95C27A18B3200F69EC9 /* Notes.plist in Resources */,
				C446DE542528D8E700138D0A /* LaunchScreen.storyboard in Resources */,
				C446DE4E2528D8E700138D0A /* Assets.xcassets in Resources */,
				6357B95927A181DB00F69EC9 /* ButtonDefns.plist in Resources */,
			);
			runOnlyForDeploymentPostprocessing = 0;
		};
		C446DE582528D8E800138D0A /* Resources */ = {
			isa = PBXResourcesBuildPhase;
			buildActionMask = 2147483647;
			files = (
			);
			runOnlyForDeploymentPostprocessing = 0;
		};
/* End PBXResourcesBuildPhase section */

/* Begin PBXSourcesBuildPhase section */
		C446DE402528D8E600138D0A /* Sources */ = {
			isa = PBXSourcesBuildPhase;
			buildActionMask = 2147483647;
			files = (
				C446DE482528D8E600138D0A /* AppDelegate.swift in Sources */,
				C446DF032528D9CA00138D0A /* Tuner.swift in Sources */,
				6357B95727A1693800F69EC9 /* SwiftUIView.swift in Sources */,
				C446DE4C2528D8E600138D0A /* ContentView.swift in Sources */,
				176E7F2C253A13AB00602020 /* SplashView.swift in Sources */,
				63EC0336279F370600B502CB /* SceneDelegate.swift in Sources */,
				6356527627A85FD900C7A407 /* harmonicaView.swift in Sources */,
				6350E7CD27A9360200D0F510 /* setStructure.swift in Sources */,
				63F66AE427B41CFD0034BA6D /* SwiftUIView2.swift in Sources */,
			);
			runOnlyForDeploymentPostprocessing = 0;
		};
		C446DE562528D8E800138D0A /* Sources */ = {
			isa = PBXSourcesBuildPhase;
			buildActionMask = 2147483647;
			files = (
			);
			runOnlyForDeploymentPostprocessing = 0;
		};
/* End PBXSourcesBuildPhase section */

/* Begin PBXTargetDependency section */
		C446DE5C2528D8E800138D0A /* PBXTargetDependency */ = {
			isa = PBXTargetDependency;
			target = C446DE432528D8E600138D0A /* HarmonicaToolkit */;
			targetProxy = C446DE5B2528D8E800138D0A /* PBXContainerItemProxy */;
		};
/* End PBXTargetDependency section */

/* Begin PBXVariantGroup section */
		C446DE522528D8E700138D0A /* LaunchScreen.storyboard */ = {
			isa = PBXVariantGroup;
			children = (
				C446DE532528D8E700138D0A /* Base */,
			);
			name = LaunchScreen.storyboard;
			sourceTree = "<group>";
		};
/* End PBXVariantGroup section */

/* Begin XCBuildConfiguration section */
		C446DE6C2528D8E800138D0A /* Debug */ = {
			isa = XCBuildConfiguration;
			buildSettings = {
				ALWAYS_SEARCH_USER_PATHS = NO;
				CLANG_ANALYZER_NONNULL = YES;
				CLANG_ANALYZER_NUMBER_OBJECT_CONVERSION = YES_AGGRESSIVE;
				CLANG_CXX_LANGUAGE_STANDARD = "gnu++14";
				CLANG_CXX_LIBRARY = "libc++";
				CLANG_ENABLE_MODULES = YES;
				CLANG_ENABLE_OBJC_ARC = YES;
				CLANG_ENABLE_OBJC_WEAK = YES;
				CLANG_WARN_BLOCK_CAPTURE_AUTORELEASING = YES;
				CLANG_WARN_BOOL_CONVERSION = YES;
				CLANG_WARN_COMMA = YES;
				CLANG_WARN_CONSTANT_CONVERSION = YES;
				CLANG_WARN_DEPRECATED_OBJC_IMPLEMENTATIONS = YES;
				CLANG_WARN_DIRECT_OBJC_ISA_USAGE = YES_ERROR;
				CLANG_WARN_DOCUMENTATION_COMMENTS = YES;
				CLANG_WARN_EMPTY_BODY = YES;
				CLANG_WARN_ENUM_CONVERSION = YES;
				CLANG_WARN_INFINITE_RECURSION = YES;
				CLANG_WARN_INT_CONVERSION = YES;
				CLANG_WARN_NON_LITERAL_NULL_CONVERSION = YES;
				CLANG_WARN_OBJC_IMPLICIT_RETAIN_SELF = YES;
				CLANG_WARN_OBJC_LITERAL_CONVERSION = YES;
				CLANG_WARN_OBJC_ROOT_CLASS = YES_ERROR;
				CLANG_WARN_QUOTED_INCLUDE_IN_FRAMEWORK_HEADER = YES;
				CLANG_WARN_RANGE_LOOP_ANALYSIS = YES;
				CLANG_WARN_STRICT_PROTOTYPES = YES;
				CLANG_WARN_SUSPICIOUS_MOVE = YES;
				CLANG_WARN_UNGUARDED_AVAILABILITY = YES_AGGRESSIVE;
				CLANG_WARN_UNREACHABLE_CODE = YES;
				CLANG_WARN__DUPLICATE_METHOD_MATCH = YES;
				COPY_PHASE_STRIP = NO;
				DEBUG_INFORMATION_FORMAT = dwarf;
				ENABLE_STRICT_OBJC_MSGSEND = YES;
				ENABLE_TESTABILITY = YES;
				GCC_C_LANGUAGE_STANDARD = gnu11;
				GCC_DYNAMIC_NO_PIC = NO;
				GCC_NO_COMMON_BLOCKS = YES;
				GCC_OPTIMIZATION_LEVEL = 0;
				GCC_PREPROCESSOR_DEFINITIONS = (
					"DEBUG=1",
					"$(inherited)",
				);
				GCC_WARN_64_TO_32_BIT_CONVERSION = YES;
				GCC_WARN_ABOUT_RETURN_TYPE = YES_ERROR;
				GCC_WARN_UNDECLARED_SELECTOR = YES;
				GCC_WARN_UNINITIALIZED_AUTOS = YES_AGGRESSIVE;
				GCC_WARN_UNUSED_FUNCTION = YES;
				GCC_WARN_UNUSED_VARIABLE = YES;
				IPHONEOS_DEPLOYMENT_TARGET = 14.0;
				MTL_ENABLE_DEBUG_INFO = INCLUDE_SOURCE;
				MTL_FAST_MATH = YES;
				ONLY_ACTIVE_ARCH = YES;
				SDKROOT = iphoneos;
				SWIFT_ACTIVE_COMPILATION_CONDITIONS = DEBUG;
				SWIFT_OPTIMIZATION_LEVEL = "-Onone";
			};
			name = Debug;
		};
		C446DE6D2528D8E800138D0A /* Release */ = {
			isa = XCBuildConfiguration;
			buildSettings = {
				ALWAYS_SEARCH_USER_PATHS = NO;
				CLANG_ANALYZER_NONNULL = YES;
				CLANG_ANALYZER_NUMBER_OBJECT_CONVERSION = YES_AGGRESSIVE;
				CLANG_CXX_LANGUAGE_STANDARD = "gnu++14";
				CLANG_CXX_LIBRARY = "libc++";
				CLANG_ENABLE_MODULES = YES;
				CLANG_ENABLE_OBJC_ARC = YES;
				CLANG_ENABLE_OBJC_WEAK = YES;
				CLANG_WARN_BLOCK_CAPTURE_AUTORELEASING = YES;
				CLANG_WARN_BOOL_CONVERSION = YES;
				CLANG_WARN_COMMA = YES;
				CLANG_WARN_CONSTANT_CONVERSION = YES;
				CLANG_WARN_DEPRECATED_OBJC_IMPLEMENTATIONS = YES;
				CLANG_WARN_DIRECT_OBJC_ISA_USAGE = YES_ERROR;
				CLANG_WARN_DOCUMENTATION_COMMENTS = YES;
				CLANG_WARN_EMPTY_BODY = YES;
				CLANG_WARN_ENUM_CONVERSION = YES;
				CLANG_WARN_INFINITE_RECURSION = YES;
				CLANG_WARN_INT_CONVERSION = YES;
				CLANG_WARN_NON_LITERAL_NULL_CONVERSION = YES;
				CLANG_WARN_OBJC_IMPLICIT_RETAIN_SELF = YES;
				CLANG_WARN_OBJC_LITERAL_CONVERSION = YES;
				CLANG_WARN_OBJC_ROOT_CLASS = YES_ERROR;
				CLANG_WARN_QUOTED_INCLUDE_IN_FRAMEWORK_HEADER = YES;
				CLANG_WARN_RANGE_LOOP_ANALYSIS = YES;
				CLANG_WARN_STRICT_PROTOTYPES = YES;
				CLANG_WARN_SUSPICIOUS_MOVE = YES;
				CLANG_WARN_UNGUARDED_AVAILABILITY = YES_AGGRESSIVE;
				CLANG_WARN_UNREACHABLE_CODE = YES;
				CLANG_WARN__DUPLICATE_METHOD_MATCH = YES;
				COPY_PHASE_STRIP = NO;
				DEBUG_INFORMATION_FORMAT = "dwarf-with-dsym";
				ENABLE_NS_ASSERTIONS = NO;
				ENABLE_STRICT_OBJC_MSGSEND = YES;
				GCC_C_LANGUAGE_STANDARD = gnu11;
				GCC_NO_COMMON_BLOCKS = YES;
				GCC_WARN_64_TO_32_BIT_CONVERSION = YES;
				GCC_WARN_ABOUT_RETURN_TYPE = YES_ERROR;
				GCC_WARN_UNDECLARED_SELECTOR = YES;
				GCC_WARN_UNINITIALIZED_AUTOS = YES_AGGRESSIVE;
				GCC_WARN_UNUSED_FUNCTION = YES;
				GCC_WARN_UNUSED_VARIABLE = YES;
				IPHONEOS_DEPLOYMENT_TARGET = 14.0;
				MTL_ENABLE_DEBUG_INFO = NO;
				MTL_FAST_MATH = YES;
				SDKROOT = iphoneos;
				SWIFT_COMPILATION_MODE = wholemodule;
				SWIFT_OPTIMIZATION_LEVEL = "-O";
				VALIDATE_PRODUCT = YES;
			};
			name = Release;
		};
		C446DE6F2528D8E800138D0A /* Debug */ = {
			isa = XCBuildConfiguration;
			buildSettings = {
				ASSETCATALOG_COMPILER_APPICON_NAME = AppIcon;
				ASSETCATALOG_COMPILER_GLOBAL_ACCENT_COLOR_NAME = AccentColor;
				CODE_SIGN_ENTITLEMENTS = Cookbook/Cookbook.entitlements;
				CODE_SIGN_STYLE = Automatic;
				DEVELOPMENT_ASSET_PATHS = "";
				DEVELOPMENT_TEAM = 7Y25C5GF6M;
				ENABLE_PREVIEWS = YES;
				INFOPLIST_FILE = Cookbook/Info.plist;
				"IPHONEOS_DEPLOYMENT_TARGET[sdk=macosx*]" = 14.2;
				LD_RUNPATH_SEARCH_PATHS = (
					"$(inherited)",
					"@executable_path/Frameworks",
				);
				PRODUCT_BUNDLE_IDENTIFIER = "com.audiokitpro.Cookbook${SAMPLE_CODE_DISAMBIGUATOR}";
				PRODUCT_NAME = "$(TARGET_NAME)";
				SAMPLE_CODE_DISAMBIGUATOR = "${DEVELOPMENT_TEAM}";
				SUPPORTS_MACCATALYST = YES;
				SWIFT_VERSION = 5.0;
				TARGETED_DEVICE_FAMILY = "1,2";
			};
			name = Debug;
		};
		C446DE702528D8E800138D0A /* Release */ = {
			isa = XCBuildConfiguration;
			buildSettings = {
				ASSETCATALOG_COMPILER_APPICON_NAME = AppIcon;
				ASSETCATALOG_COMPILER_GLOBAL_ACCENT_COLOR_NAME = AccentColor;
				CODE_SIGN_ENTITLEMENTS = Cookbook/Cookbook.entitlements;
				CODE_SIGN_STYLE = Automatic;
				DEVELOPMENT_ASSET_PATHS = "";
				DEVELOPMENT_TEAM = 7Y25C5GF6M;
				ENABLE_PREVIEWS = YES;
				INFOPLIST_FILE = Cookbook/Info.plist;
				"IPHONEOS_DEPLOYMENT_TARGET[sdk=macosx*]" = 14.2;
				LD_RUNPATH_SEARCH_PATHS = (
					"$(inherited)",
					"@executable_path/Frameworks",
				);
				PRODUCT_BUNDLE_IDENTIFIER = "com.audiokitpro.Cookbook${SAMPLE_CODE_DISAMBIGUATOR}";
				PRODUCT_NAME = "$(TARGET_NAME)";
				SAMPLE_CODE_DISAMBIGUATOR = "${DEVELOPMENT_TEAM}";
				SUPPORTS_MACCATALYST = YES;
				SWIFT_VERSION = 5.0;
				TARGETED_DEVICE_FAMILY = "1,2";
			};
			name = Release;
		};
		C446DE722528D8E800138D0A /* Debug */ = {
			isa = XCBuildConfiguration;
			buildSettings = {
				ALWAYS_EMBED_SWIFT_STANDARD_LIBRARIES = YES;
				BUNDLE_LOADER = "$(TEST_HOST)";
				CODE_SIGN_STYLE = Automatic;
				DEVELOPMENT_TEAM = 9W69ZP8S5F;
				INFOPLIST_FILE = CookbookTests/Info.plist;
				IPHONEOS_DEPLOYMENT_TARGET = 14.0;
				LD_RUNPATH_SEARCH_PATHS = (
					"$(inherited)",
					"@executable_path/Frameworks",
					"@loader_path/Frameworks",
				);
				PRODUCT_BUNDLE_IDENTIFIER = com.audiokitpro.CookbookTests;
				PRODUCT_NAME = "$(TARGET_NAME)";
				SWIFT_VERSION = 5.0;
				TARGETED_DEVICE_FAMILY = "1,2";
				TEST_HOST = "$(BUILT_PRODUCTS_DIR)/HarmonicaToolkit.app/HarmonicaToolkit";
			};
			name = Debug;
		};
		C446DE732528D8E800138D0A /* Release */ = {
			isa = XCBuildConfiguration;
			buildSettings = {
				ALWAYS_EMBED_SWIFT_STANDARD_LIBRARIES = YES;
				BUNDLE_LOADER = "$(TEST_HOST)";
				CODE_SIGN_STYLE = Automatic;
				DEVELOPMENT_TEAM = 9W69ZP8S5F;
				INFOPLIST_FILE = CookbookTests/Info.plist;
				IPHONEOS_DEPLOYMENT_TARGET = 14.0;
				LD_RUNPATH_SEARCH_PATHS = (
					"$(inherited)",
					"@executable_path/Frameworks",
					"@loader_path/Frameworks",
				);
				PRODUCT_BUNDLE_IDENTIFIER = com.audiokitpro.CookbookTests;
				PRODUCT_NAME = "$(TARGET_NAME)";
				SWIFT_VERSION = 5.0;
				TARGETED_DEVICE_FAMILY = "1,2";
				TEST_HOST = "$(BUILT_PRODUCTS_DIR)/HarmonicaToolkit.app/HarmonicaToolkit";
			};
			name = Release;
		};
/* End XCBuildConfiguration section */

/* Begin XCConfigurationList section */
		C446DE3F2528D8E600138D0A /* Build configuration list for PBXProject "HarmonicaToolkit" */ = {
			isa = XCConfigurationList;
			buildConfigurations = (
				C446DE6C2528D8E800138D0A /* Debug */,
				C446DE6D2528D8E800138D0A /* Release */,
			);
			defaultConfigurationIsVisible = 0;
			defaultConfigurationName = Release;
		};
		C446DE6E2528D8E800138D0A /* Build configuration list for PBXNativeTarget "HarmonicaToolkit" */ = {
			isa = XCConfigurationList;
			buildConfigurations = (
				C446DE6F2528D8E800138D0A /* Debug */,
				C446DE702528D8E800138D0A /* Release */,
			);
			defaultConfigurationIsVisible = 0;
			defaultConfigurationName = Release;
		};
		C446DE712528D8E800138D0A /* Build configuration list for PBXNativeTarget "HarmonicaToolkitTests" */ = {
			isa = XCConfigurationList;
			buildConfigurations = (
				C446DE722528D8E800138D0A /* Debug */,
				C446DE732528D8E800138D0A /* Release */,
			);
			defaultConfigurationIsVisible = 0;
			defaultConfigurationName = Release;
		};
/* End XCConfigurationList section */

/* Begin XCRemoteSwiftPackageReference section */
		0749B6F626BEE09E006336A4 /* XCRemoteSwiftPackageReference "SoundpipeAudioKit" */ = {
			isa = XCRemoteSwiftPackageReference;
			repositoryURL = "https://github.com/AudioKit/SoundpipeAudioKit";
			requirement = {
				branch = develop;
				kind = branch;
			};
		};
		0779C7B126B9FFB50086DA18 /* XCRemoteSwiftPackageReference "AudioKit" */ = {
			isa = XCRemoteSwiftPackageReference;
			repositoryURL = "https://github.com/AudioKit/AudioKit";
			requirement = {
				kind = upToNextMajorVersion;
				minimumVersion = 5.2.0;
			};
		};
		C42F77B0258F291B000270CD /* XCRemoteSwiftPackageReference "AudioKitUI" */ = {
			isa = XCRemoteSwiftPackageReference;
			repositoryURL = "https://github.com/AudioKit/AudioKitUI";
			requirement = {
				branch = main;
				kind = branch;
			};
		};
		F1629F66266E121A007D2A15 /* XCRemoteSwiftPackageReference "DunneAudioKit" */ = {
			isa = XCRemoteSwiftPackageReference;
			repositoryURL = "https://github.com/Audiokit/DunneAudioKit";
			requirement = {
				kind = upToNextMajorVersion;
				minimumVersion = 5.3.0;
			};
		};
		F1A76B3A26601A5A005DD7B6 /* XCRemoteSwiftPackageReference "SporthAudioKit" */ = {
			isa = XCRemoteSwiftPackageReference;
			repositoryURL = "https://github.com/AudioKit/SporthAudioKit";
			requirement = {
				kind = upToNextMajorVersion;
				minimumVersion = 5.3.0;
			};
		};
		F1A76B4226601AD1005DD7B6 /* XCRemoteSwiftPackageReference "STKAudioKit" */ = {
			isa = XCRemoteSwiftPackageReference;
			repositoryURL = "https://github.com/AudioKit/STKAudioKit";
			requirement = {
				kind = upToNextMajorVersion;
				minimumVersion = 5.3.0;
			};
		};
/* End XCRemoteSwiftPackageReference section */

/* Begin XCSwiftPackageProductDependency section */
		0749B6F726BEE09E006336A4 /* SoundpipeAudioKit */ = {
			isa = XCSwiftPackageProductDependency;
			package = 0749B6F626BEE09E006336A4 /* XCRemoteSwiftPackageReference "SoundpipeAudioKit" */;
			productName = SoundpipeAudioKit;
		};
		0779C7B226B9FFB50086DA18 /* AudioKit */ = {
			isa = XCSwiftPackageProductDependency;
			package = 0779C7B126B9FFB50086DA18 /* XCRemoteSwiftPackageReference "AudioKit" */;
			productName = AudioKit;
		};
		C42F77B1258F291B000270CD /* AudioKitUI */ = {
			isa = XCSwiftPackageProductDependency;
			package = C42F77B0258F291B000270CD /* XCRemoteSwiftPackageReference "AudioKitUI" */;
			productName = AudioKitUI;
		};
		F1629F67266E121A007D2A15 /* DunneAudioKit */ = {
			isa = XCSwiftPackageProductDependency;
			package = F1629F66266E121A007D2A15 /* XCRemoteSwiftPackageReference "DunneAudioKit" */;
			productName = DunneAudioKit;
		};
		F1A76B3B26601A5A005DD7B6 /* SporthAudioKit */ = {
			isa = XCSwiftPackageProductDependency;
			package = F1A76B3A26601A5A005DD7B6 /* XCRemoteSwiftPackageReference "SporthAudioKit" */;
			productName = SporthAudioKit;
		};
		F1A76B4326601AD1005DD7B6 /* STKAudioKit */ = {
			isa = XCSwiftPackageProductDependency;
			package = F1A76B4226601AD1005DD7B6 /* XCRemoteSwiftPackageReference "STKAudioKit" */;
			productName = STKAudioKit;
		};
/* End XCSwiftPackageProductDependency section */
	};
	rootObject = C446DE3C2528D8E600138D0A /* Project object */;
}
